
Microsoft Visual Studio Solution File, Format Version 12.00
# Visual Studio Version 17
VisualStudioVersion = 17.11.35312.102
MinimumVisualStudioVersion = 10.0.40219.1
Project("{FAE04EC0-301F-11D3-BF4B-00C04F79EFBC}") = "CARS.entity", "CARS.entity\CARS.entity.csproj", "{CA5849D8-7BDA-4762-92E1-8F214B0BB7EC}"
EndProject
Project("{FAE04EC0-301F-11D3-BF4B-00C04F79EFBC}") = "CARS.dao", "CARS.dao\CARS.dao.csproj", "{A1019013-235B-497A-A02D-2B907DEA1B9B}"
EndProject
Project("{FAE04EC0-301F-11D3-BF4B-00C04F79EFBC}") = "CARS.exception", "CARS.exception\CARS.exception.csproj", "{8039BFA8-19A3-4F23-ABDF-E00C19F4140E}"
EndProject
Project("{FAE04EC0-301F-11D3-BF4B-00C04F79EFBC}") = "CARS.Util", "CARS.Util\CARS.Util.csproj", "{E9F77611-9426-4750-B2D3-C712C0A6B233}"
EndProject
Project("{FAE04EC0-301F-11D3-BF4B-00C04F79EFBC}") = "CARS.MainModule", "CARS.MainModule\CARS.MainModule.csproj", "{44A4E135-4CF8-4222-99A4-8A0072882465}"
EndProject
Global
	GlobalSection(SolutionConfigurationPlatforms) = preSolution
		Debug|Any CPU = Debug|Any CPU
		Release|Any CPU = Release|Any CPU
	EndGlobalSection
	GlobalSection(ProjectConfigurationPlatforms) = postSolution
		{CA5849D8-7BDA-4762-92E1-8F214B0BB7EC}.Debug|Any CPU.ActiveCfg = Debug|Any CPU
		{CA5849D8-7BDA-4762-92E1-8F214B0BB7EC}.Debug|Any CPU.Build.0 = Debug|Any CPU
		{CA5849D8-7BDA-4762-92E1-8F214B0BB7EC}.Release|Any CPU.ActiveCfg = Release|Any CPU
		{CA5849D8-7BDA-4762-92E1-8F214B0BB7EC}.Release|Any CPU.Build.0 = Release|Any CPU
		{A1019013-235B-497A-A02D-2B907DEA1B9B}.Debug|Any CPU.ActiveCfg = Debug|Any CPU
		{A1019013-235B-497A-A02D-2B907DEA1B9B}.Debug|Any CPU.Build.0 = Debug|Any CPU
		{A1019013-235B-497A-A02D-2B907DEA1B9B}.Release|Any CPU.ActiveCfg = Release|Any CPU
		{A1019013-235B-497A-A02D-2B907DEA1B9B}.Release|Any CPU.Build.0 = Release|Any CPU
		{8039BFA8-19A3-4F23-ABDF-E00C19F4140E}.Debug|Any CPU.ActiveCfg = Debug|Any CPU
		{8039BFA8-19A3-4F23-ABDF-E00C19F4140E}.Debug|Any CPU.Build.0 = Debug|Any CPU
		{8039BFA8-19A3-4F23-ABDF-E00C19F4140E}.Release|Any CPU.ActiveCfg = Release|Any CPU
		{8039BFA8-19A3-4F23-ABDF-E00C19F4140E}.Release|Any CPU.Build.0 = Release|Any CPU
		{E9F77611-9426-4750-B2D3-C712C0A6B233}.Debug|Any CPU.ActiveCfg = Debug|Any CPU
		{E9F77611-9426-4750-B2D3-C712C0A6B233}.Debug|Any CPU.Build.0 = Debug|Any CPU
		{E9F77611-9426-4750-B2D3-C712C0A6B233}.Release|Any CPU.ActiveCfg = Release|Any CPU
		{E9F77611-9426-4750-B2D3-C712C0A6B233}.Release|Any CPU.Build.0 = Release|Any CPU
		{44A4E135-4CF8-4222-99A4-8A0072882465}.Debug|Any CPU.ActiveCfg = Debug|Any CPU
		{44A4E135-4CF8-4222-99A4-8A0072882465}.Debug|Any CPU.Build.0 = Debug|Any CPU
		{44A4E135-4CF8-4222-99A4-8A0072882465}.Release|Any CPU.ActiveCfg = Release|Any CPU
		{44A4E135-4CF8-4222-99A4-8A0072882465}.Release|Any CPU.Build.0 = Release|Any CPU
	EndGlobalSection
	GlobalSection(SolutionProperties) = preSolution
		HideSolutionNode = FALSE
	EndGlobalSection
	GlobalSection(ExtensibilityGlobals) = postSolution
		SolutionGuid = {E5491F61-1E17-4393-81A0-168D16B22B0A}
	EndGlobalSection
EndGlobal
